
Microsoft Visual Studio Solution File, Format Version 12.00
# Visual Studio Version 16
VisualStudioVersion = 16.0.30611.23
MinimumVisualStudioVersion = 10.0.40219.1
Project("{FAE04EC0-301F-11D3-BF4B-00C04F79EFBC}") = "SEH  Code Challenge", "SEH  Code Challenge\SEH  Code Challenge.csproj", "{2C42F7DD-6092-48F8-A80B-3023B368CBB7}"
EndProject
Global
	GlobalSection(SolutionConfigurationPlatforms) = preSolution
		Debug|Any CPU = Debug|Any CPU
		Release|Any CPU = Release|Any CPU
	EndGlobalSection
	GlobalSection(ProjectConfigurationPlatforms) = postSolution
		{2C42F7DD-6092-48F8-A80B-3023B368CBB7}.Debug|Any CPU.ActiveCfg = Debug|Any CPU
		{2C42F7DD-6092-48F8-A80B-3023B368CBB7}.Debug|Any CPU.Build.0 = Debug|Any CPU
		{2C42F7DD-6092-48F8-A80B-3023B368CBB7}.Release|Any CPU.ActiveCfg = Release|Any CPU
		{2C42F7DD-6092-48F8-A80B-3023B368CBB7}.Release|Any CPU.Build.0 = Release|Any CPU
	EndGlobalSection
	GlobalSection(SolutionProperties) = preSolution
		HideSolutionNode = FALSE
	EndGlobalSection
	GlobalSection(ExtensibilityGlobals) = postSolution
		SolutionGuid = {76F53A24-7EFA-4E40-93E2-0905E3C1597C}
	EndGlobalSection
EndGlobal
